// !$*UTF8*$!
{
	archiveVersion = 1;
	classes = {
	};
	objectVersion = 50;
	objects = {

/* Begin PBXBuildFile section */
		3D75220024C8D1550043FD33 /* AppDelegate.swift in Sources */ = {isa = PBXBuildFile; fileRef = 3D7521FF24C8D1550043FD33 /* AppDelegate.swift */; };
		3D75220224C8D1550043FD33 /* SceneDelegate.swift in Sources */ = {isa = PBXBuildFile; fileRef = 3D75220124C8D1550043FD33 /* SceneDelegate.swift */; };
		3D75220424C8D1550043FD33 /* ContentView.swift in Sources */ = {isa = PBXBuildFile; fileRef = 3D75220324C8D1550043FD33 /* ContentView.swift */; };
		3D75220624C8D1590043FD33 /* Assets.xcassets in Resources */ = {isa = PBXBuildFile; fileRef = 3D75220524C8D1590043FD33 /* Assets.xcassets */; };
		3D75220924C8D1590043FD33 /* Preview Assets.xcassets in Resources */ = {isa = PBXBuildFile; fileRef = 3D75220824C8D1590043FD33 /* Preview Assets.xcassets */; };
		3D75220C24C8D1590043FD33 /* LaunchScreen.storyboard in Resources */ = {isa = PBXBuildFile; fileRef = 3D75220A24C8D1590043FD33 /* LaunchScreen.storyboard */; };
		3D75221724C8D15A0043FD33 /* A_CarPlay_Route_PlannerTests.swift in Sources */ = {isa = PBXBuildFile; fileRef = 3D75221624C8D15A0043FD33 /* A_CarPlay_Route_PlannerTests.swift */; };
		3D75222224C8D15A0043FD33 /* A_CarPlay_Route_PlannerUITests.swift in Sources */ = {isa = PBXBuildFile; fileRef = 3D75222124C8D15A0043FD33 /* A_CarPlay_Route_PlannerUITests.swift */; };
/* End PBXBuildFile section */

/* Begin PBXContainerItemProxy section */
		3D75221324C8D15A0043FD33 /* PBXContainerItemProxy */ = {
			isa = PBXContainerItemProxy;
			containerPortal = 3D7521F424C8D1550043FD33 /* Project object */;
			proxyType = 1;
			remoteGlobalIDString = 3D7521FB24C8D1550043FD33;
			remoteInfo = "A CarPlay Route Planner";
		};
		3D75221E24C8D15A0043FD33 /* PBXContainerItemProxy */ = {
			isa = PBXContainerItemProxy;
			containerPortal = 3D7521F424C8D1550043FD33 /* Project object */;
			proxyType = 1;
			remoteGlobalIDString = 3D7521FB24C8D1550043FD33;
			remoteInfo = "A CarPlay Route Planner";
		};
/* End PBXContainerItemProxy section */

/* Begin PBXFileReference section */
		3D7521FC24C8D1550043FD33 /* A CarPlay Route Planner.app */ = {isa = PBXFileReference; explicitFileType = wrapper.application; includeInIndex = 0; path = "A CarPlay Route Planner.app"; sourceTree = BUILT_PRODUCTS_DIR; };
		3D7521FF24C8D1550043FD33 /* AppDelegate.swift */ = {isa = PBXFileReference; lastKnownFileType = sourcecode.swift; path = AppDelegate.swift; sourceTree = "<group>"; };
		3D75220124C8D1550043FD33 /* SceneDelegate.swift */ = {isa = PBXFileReference; lastKnownFileType = sourcecode.swift; path = SceneDelegate.swift; sourceTree = "<group>"; };
		3D75220324C8D1550043FD33 /* ContentView.swift */ = {isa = PBXFileReference; lastKnownFileType = sourcecode.swift; path = ContentView.swift; sourceTree = "<group>"; };
		3D75220524C8D1590043FD33 /* Assets.xcassets */ = {isa = PBXFileReference; lastKnownFileType = folder.assetcatalog; path = Assets.xcassets; sourceTree = "<group>"; };
		3D75220824C8D1590043FD33 /* Preview Assets.xcassets */ = {isa = PBXFileReference; lastKnownFileType = folder.assetcatalog; path = "Preview Assets.xcassets"; sourceTree = "<group>"; };
		3D75220B24C8D1590043FD33 /* Base */ = {isa = PBXFileReference; lastKnownFileType = file.storyboard; name = Base; path = Base.lproj/LaunchScreen.storyboard; sourceTree = "<group>"; };
		3D75220D24C8D1590043FD33 /* Info.plist */ = {isa = PBXFileReference; lastKnownFileType = text.plist.xml; path = Info.plist; sourceTree = "<group>"; };
		3D75221224C8D15A0043FD33 /* A CarPlay Route PlannerTests.xctest */ = {isa = PBXFileReference; explicitFileType = wrapper.cfbundle; includeInIndex = 0; path = "A CarPlay Route PlannerTests.xctest"; sourceTree = BUILT_PRODUCTS_DIR; };
		3D75221624C8D15A0043FD33 /* A_CarPlay_Route_PlannerTests.swift */ = {isa = PBXFileReference; lastKnownFileType = sourcecode.swift; path = A_CarPlay_Route_PlannerTests.swift; sourceTree = "<group>"; };
		3D75221824C8D15A0043FD33 /* Info.plist */ = {isa = PBXFileReference; lastKnownFileType = text.plist.xml; path = Info.plist; sourceTree = "<group>"; };
		3D75221D24C8D15A0043FD33 /* A CarPlay Route PlannerUITests.xctest */ = {isa = PBXFileReference; explicitFileType = wrapper.cfbundle; includeInIndex = 0; path = "A CarPlay Route PlannerUITests.xctest"; sourceTree = BUILT_PRODUCTS_DIR; };
		3D75222124C8D15A0043FD33 /* A_CarPlay_Route_PlannerUITests.swift */ = {isa = PBXFileReference; lastKnownFileType = sourcecode.swift; path = A_CarPlay_Route_PlannerUITests.swift; sourceTree = "<group>"; };
		3D75222324C8D15A0043FD33 /* Info.plist */ = {isa = PBXFileReference; lastKnownFileType = text.plist.xml; path = Info.plist; sourceTree = "<group>"; };
/* End PBXFileReference section */

/* Begin PBXFrameworksBuildPhase section */
		3D7521F924C8D1550043FD33 /* Frameworks */ = {
			isa = PBXFrameworksBuildPhase;
			buildActionMask = 2147483647;
			files = (
			);
			runOnlyForDeploymentPostprocessing = 0;
		};
		3D75220F24C8D15A0043FD33 /* Frameworks */ = {
			isa = PBXFrameworksBuildPhase;
			buildActionMask = 2147483647;
			files = (
			);
			runOnlyForDeploymentPostprocessing = 0;
		};
		3D75221A24C8D15A0043FD33 /* Frameworks */ = {
			isa = PBXFrameworksBuildPhase;
			buildActionMask = 2147483647;
			files = (
			);
			runOnlyForDeploymentPostprocessing = 0;
		};
/* End PBXFrameworksBuildPhase section */

/* Begin PBXGroup section */
		3D7521F324C8D1550043FD33 = {
			isa = PBXGroup;
			children = (
				3D7521FE24C8D1550043FD33 /* A CarPlay Route Planner */,
				3D75221524C8D15A0043FD33 /* A CarPlay Route PlannerTests */,
				3D75222024C8D15A0043FD33 /* A CarPlay Route PlannerUITests */,
				3D7521FD24C8D1550043FD33 /* Products */,
			);
			sourceTree = "<group>";
		};
		3D7521FD24C8D1550043FD33 /* Products */ = {
			isa = PBXGroup;
			children = (
				3D7521FC24C8D1550043FD33 /* A CarPlay Route Planner.app */,
				3D75221224C8D15A0043FD33 /* A CarPlay Route PlannerTests.xctest */,
				3D75221D24C8D15A0043FD33 /* A CarPlay Route PlannerUITests.xctest */,
			);
			name = Products;
			sourceTree = "<group>";
		};
		3D7521FE24C8D1550043FD33 /* A CarPlay Route Planner */ = {
			isa = PBXGroup;
			children = (
				3D7521FF24C8D1550043FD33 /* AppDelegate.swift */,
				3D75220124C8D1550043FD33 /* SceneDelegate.swift */,
				3D75220324C8D1550043FD33 /* ContentView.swift */,
				3D75220524C8D1590043FD33 /* Assets.xcassets */,
				3D75220A24C8D1590043FD33 /* LaunchScreen.storyboard */,
				3D75220D24C8D1590043FD33 /* Info.plist */,
				3D75220724C8D1590043FD33 /* Preview Content */,
			);
			path = "A CarPlay Route Planner";
			sourceTree = "<group>";
		};
		3D75220724C8D1590043FD33 /* Preview Content */ = {
			isa = PBXGroup;
			children = (
				3D75220824C8D1590043FD33 /* Preview Assets.xcassets */,
			);
			path = "Preview Content";
			sourceTree = "<group>";
		};
		3D75221524C8D15A0043FD33 /* A CarPlay Route PlannerTests */ = {
			isa = PBXGroup;
			children = (
				3D75221624C8D15A0043FD33 /* A_CarPlay_Route_PlannerTests.swift */,
				3D75221824C8D15A0043FD33 /* Info.plist */,
			);
			path = "A CarPlay Route PlannerTests";
			sourceTree = "<group>";
		};
		3D75222024C8D15A0043FD33 /* A CarPlay Route PlannerUITests */ = {
			isa = PBXGroup;
			children = (
				3D75222124C8D15A0043FD33 /* A_CarPlay_Route_PlannerUITests.swift */,
				3D75222324C8D15A0043FD33 /* Info.plist */,
			);
			path = "A CarPlay Route PlannerUITests";
			sourceTree = "<group>";
		};
/* End PBXGroup section */

/* Begin PBXNativeTarget section */
		3D7521FB24C8D1550043FD33 /* A CarPlay Route Planner */ = {
			isa = PBXNativeTarget;
			buildConfigurationList = 3D75222624C8D15A0043FD33 /* Build configuration list for PBXNativeTarget "A CarPlay Route Planner" */;
			buildPhases = (
				3D7521F824C8D1550043FD33 /* Sources */,
				3D7521F924C8D1550043FD33 /* Frameworks */,
				3D7521FA24C8D1550043FD33 /* Resources */,
			);
			buildRules = (
			);
			dependencies = (
			);
			name = "A CarPlay Route Planner";
			productName = "A CarPlay Route Planner";
			productReference = 3D7521FC24C8D1550043FD33 /* A CarPlay Route Planner.app */;
			productType = "com.apple.product-type.application";
		};
		3D75221124C8D15A0043FD33 /* A CarPlay Route PlannerTests */ = {
			isa = PBXNativeTarget;
			buildConfigurationList = 3D75222924C8D15A0043FD33 /* Build configuration list for PBXNativeTarget "A CarPlay Route PlannerTests" */;
			buildPhases = (
				3D75220E24C8D15A0043FD33 /* Sources */,
				3D75220F24C8D15A0043FD33 /* Frameworks */,
				3D75221024C8D15A0043FD33 /* Resources */,
			);
			buildRules = (
			);
			dependencies = (
				3D75221424C8D15A0043FD33 /* PBXTargetDependency */,
			);
			name = "A CarPlay Route PlannerTests";
			productName = "A CarPlay Route PlannerTests";
			productReference = 3D75221224C8D15A0043FD33 /* A CarPlay Route PlannerTests.xctest */;
			productType = "com.apple.product-type.bundle.unit-test";
		};
		3D75221C24C8D15A0043FD33 /* A CarPlay Route PlannerUITests */ = {
			isa = PBXNativeTarget;
			buildConfigurationList = 3D75222C24C8D15A0043FD33 /* Build configuration list for PBXNativeTarget "A CarPlay Route PlannerUITests" */;
			buildPhases = (
				3D75221924C8D15A0043FD33 /* Sources */,
				3D75221A24C8D15A0043FD33 /* Frameworks */,
				3D75221B24C8D15A0043FD33 /* Resources */,
			);
			buildRules = (
			);
			dependencies = (
				3D75221F24C8D15A0043FD33 /* PBXTargetDependency */,
			);
			name = "A CarPlay Route PlannerUITests";
			productName = "A CarPlay Route PlannerUITests";
			productReference = 3D75221D24C8D15A0043FD33 /* A CarPlay Route PlannerUITests.xctest */;
			productType = "com.apple.product-type.bundle.ui-testing";
		};
/* End PBXNativeTarget section */

/* Begin PBXProject section */
		3D7521F424C8D1550043FD33 /* Project object */ = {
			isa = PBXProject;
			attributes = {
				LastSwiftUpdateCheck = 1160;
				LastUpgradeCheck = 1160;
				ORGANIZATIONNAME = "Volker Bach";
				TargetAttributes = {
					3D7521FB24C8D1550043FD33 = {
						CreatedOnToolsVersion = 11.6;
					};
					3D75221124C8D15A0043FD33 = {
						CreatedOnToolsVersion = 11.6;
						TestTargetID = 3D7521FB24C8D1550043FD33;
					};
					3D75221C24C8D15A0043FD33 = {
						CreatedOnToolsVersion = 11.6;
						TestTargetID = 3D7521FB24C8D1550043FD33;
					};
				};
			};
			buildConfigurationList = 3D7521F724C8D1550043FD33 /* Build configuration list for PBXProject "A CarPlay Route Planner" */;
			compatibilityVersion = "Xcode 9.3";
			developmentRegion = en;
			hasScannedForEncodings = 0;
			knownRegions = (
				en,
				Base,
			);
			mainGroup = 3D7521F324C8D1550043FD33;
			productRefGroup = 3D7521FD24C8D1550043FD33 /* Products */;
			projectDirPath = "";
			projectRoot = "";
			targets = (
				3D7521FB24C8D1550043FD33 /* A CarPlay Route Planner */,
				3D75221124C8D15A0043FD33 /* A CarPlay Route PlannerTests */,
				3D75221C24C8D15A0043FD33 /* A CarPlay Route PlannerUITests */,
			);
		};
/* End PBXProject section */

/* Begin PBXResourcesBuildPhase section */
		3D7521FA24C8D1550043FD33 /* Resources */ = {
			isa = PBXResourcesBuildPhase;
			buildActionMask = 2147483647;
			files = (
				3D75220C24C8D1590043FD33 /* LaunchScreen.storyboard in Resources */,
				3D75220924C8D1590043FD33 /* Preview Assets.xcassets in Resources */,
				3D75220624C8D1590043FD33 /* Assets.xcassets in Resources */,
			);
			runOnlyForDeploymentPostprocessing = 0;
		};
		3D75221024C8D15A0043FD33 /* Resources */ = {
			isa = PBXResourcesBuildPhase;
			buildActionMask = 2147483647;
			files = (
			);
			runOnlyForDeploymentPostprocessing = 0;
		};
		3D75221B24C8D15A0043FD33 /* Resources */ = {
			isa = PBXResourcesBuildPhase;
			buildActionMask = 2147483647;
			files = (
			);
			runOnlyForDeploymentPostprocessing = 0;
		};
/* End PBXResourcesBuildPhase section */

/* Begin PBXSourcesBuildPhase section */
		3D7521F824C8D1550043FD33 /* Sources */ = {
			isa = PBXSourcesBuildPhase;
			buildActionMask = 2147483647;
			files = (
				3D75220024C8D1550043FD33 /* AppDelegate.swift in Sources */,
				3D75220224C8D1550043FD33 /* SceneDelegate.swift in Sources */,
				3D75220424C8D1550043FD33 /* ContentView.swift in Sources */,
			);
			runOnlyForDeploymentPostprocessing = 0;
		};
		3D75220E24C8D15A0043FD33 /* Sources */ = {
			isa = PBXSourcesBuildPhase;
			buildActionMask = 2147483647;
			files = (
				3D75221724C8D15A0043FD33 /* A_CarPlay_Route_PlannerTests.swift in Sources */,
			);
			runOnlyForDeploymentPostprocessing = 0;
		};
		3D75221924C8D15A0043FD33 /* Sources */ = {
			isa = PBXSourcesBuildPhase;
			buildActionMask = 2147483647;
			files = (
				3D75222224C8D15A0043FD33 /* A_CarPlay_Route_PlannerUITests.swift in Sources */,
			);
			runOnlyForDeploymentPostprocessing = 0;
		};
/* End PBXSourcesBuildPhase section */

/* Begin PBXTargetDependency section */
		3D75221424C8D15A0043FD33 /* PBXTargetDependency */ = {
			isa = PBXTargetDependency;
			target = 3D7521FB24C8D1550043FD33 /* A CarPlay Route Planner */;
			targetProxy = 3D75221324C8D15A0043FD33 /* PBXContainerItemProxy */;
		};
		3D75221F24C8D15A0043FD33 /* PBXTargetDependency */ = {
			isa = PBXTargetDependency;
			target = 3D7521FB24C8D1550043FD33 /* A CarPlay Route Planner */;
			targetProxy = 3D75221E24C8D15A0043FD33 /* PBXContainerItemProxy */;
		};
/* End PBXTargetDependency section */

/* Begin PBXVariantGroup section */
		3D75220A24C8D1590043FD33 /* LaunchScreen.storyboard */ = {
			isa = PBXVariantGroup;
			children = (
				3D75220B24C8D1590043FD33 /* Base */,
			);
			name = LaunchScreen.storyboard;
			sourceTree = "<group>";
		};
/* End PBXVariantGroup section */

/* Begin XCBuildConfiguration section */
		3D75222424C8D15A0043FD33 /* Debug */ = {
			isa = XCBuildConfiguration;
			buildSettings = {
				ALWAYS_SEARCH_USER_PATHS = NO;
				CLANG_ANALYZER_NONNULL = YES;
				CLANG_ANALYZER_NUMBER_OBJECT_CONVERSION = YES_AGGRESSIVE;
				CLANG_CXX_LANGUAGE_STANDARD = "gnu++14";
				CLANG_CXX_LIBRARY = "libc++";
				CLANG_ENABLE_MODULES = YES;
				CLANG_ENABLE_OBJC_ARC = YES;
				CLANG_ENABLE_OBJC_WEAK = YES;
				CLANG_WARN_BLOCK_CAPTURE_AUTORELEASING = YES;
				CLANG_WARN_BOOL_CONVERSION = YES;
				CLANG_WARN_COMMA = YES;
				CLANG_WARN_CONSTANT_CONVERSION = YES;
				CLANG_WARN_DEPRECATED_OBJC_IMPLEMENTATIONS = YES;
				CLANG_WARN_DIRECT_OBJC_ISA_USAGE = YES_ERROR;
				CLANG_WARN_DOCUMENTATION_COMMENTS = YES;
				CLANG_WARN_EMPTY_BODY = YES;
				CLANG_WARN_ENUM_CONVERSION = YES;
				CLANG_WARN_INFINITE_RECURSION = YES;
				CLANG_WARN_INT_CONVERSION = YES;
				CLANG_WARN_NON_LITERAL_NULL_CONVERSION = YES;
				CLANG_WARN_OBJC_IMPLICIT_RETAIN_SELF = YES;
				CLANG_WARN_OBJC_LITERAL_CONVERSION = YES;
				CLANG_WARN_OBJC_ROOT_CLASS = YES_ERROR;
				CLANG_WARN_RANGE_LOOP_ANALYSIS = YES;
				CLANG_WARN_STRICT_PROTOTYPES = YES;
				CLANG_WARN_SUSPICIOUS_MOVE = YES;
				CLANG_WARN_UNGUARDED_AVAILABILITY = YES_AGGRESSIVE;
				CLANG_WARN_UNREACHABLE_CODE = YES;
				CLANG_WARN__DUPLICATE_METHOD_MATCH = YES;
				COPY_PHASE_STRIP = NO;
				DEBUG_INFORMATION_FORMAT = dwarf;
				ENABLE_STRICT_OBJC_MSGSEND = YES;
				ENABLE_TESTABILITY = YES;
				GCC_C_LANGUAGE_STANDARD = gnu11;
				GCC_DYNAMIC_NO_PIC = NO;
				GCC_NO_COMMON_BLOCKS = YES;
				GCC_OPTIMIZATION_LEVEL = 0;
				GCC_PREPROCESSOR_DEFINITIONS = (
					"DEBUG=1",
					"$(inherited)",
				);
				GCC_WARN_64_TO_32_BIT_CONVERSION = YES;
				GCC_WARN_ABOUT_RETURN_TYPE = YES_ERROR;
				GCC_WARN_UNDECLARED_SELECTOR = YES;
				GCC_WARN_UNINITIALIZED_AUTOS = YES_AGGRESSIVE;
				GCC_WARN_UNUSED_FUNCTION = YES;
				GCC_WARN_UNUSED_VARIABLE = YES;
				IPHONEOS_DEPLOYMENT_TARGET = 13.6;
				MTL_ENABLE_DEBUG_INFO = INCLUDE_SOURCE;
				MTL_FAST_MATH = YES;
				ONLY_ACTIVE_ARCH = YES;
				SDKROOT = iphoneos;
				SWIFT_ACTIVE_COMPILATION_CONDITIONS = DEBUG;
				SWIFT_OPTIMIZATION_LEVEL = "-Onone";
			};
			name = Debug;
		};
		3D75222524C8D15A0043FD33 /* Release */ = {
			isa = XCBuildConfiguration;
			buildSettings = {
				ALWAYS_SEARCH_USER_PATHS = NO;
				CLANG_ANALYZER_NONNULL = YES;
				CLANG_ANALYZER_NUMBER_OBJECT_CONVERSION = YES_AGGRESSIVE;
				CLANG_CXX_LANGUAGE_STANDARD = "gnu++14";
				CLANG_CXX_LIBRARY = "libc++";
				CLANG_ENABLE_MODULES = YES;
				CLANG_ENABLE_OBJC_ARC = YES;
				CLANG_ENABLE_OBJC_WEAK = YES;
				CLANG_WARN_BLOCK_CAPTURE_AUTORELEASING = YES;
				CLANG_WARN_BOOL_CONVERSION = YES;
				CLANG_WARN_COMMA = YES;
				CLANG_WARN_CONSTANT_CONVERSION = YES;
				CLANG_WARN_DEPRECATED_OBJC_IMPLEMENTATIONS = YES;
				CLANG_WARN_DIRECT_OBJC_ISA_USAGE = YES_ERROR;
				CLANG_WARN_DOCUMENTATION_COMMENTS = YES;
				CLANG_WARN_EMPTY_BODY = YES;
				CLANG_WARN_ENUM_CONVERSION = YES;
				CLANG_WARN_INFINITE_RECURSION = YES;
				CLANG_WARN_INT_CONVERSION = YES;
				CLANG_WARN_NON_LITERAL_NULL_CONVERSION = YES;
				CLANG_WARN_OBJC_IMPLICIT_RETAIN_SELF = YES;
				CLANG_WARN_OBJC_LITERAL_CONVERSION = YES;
				CLANG_WARN_OBJC_ROOT_CLASS = YES_ERROR;
				CLANG_WARN_RANGE_LOOP_ANALYSIS = YES;
				CLANG_WARN_STRICT_PROTOTYPES = YES;
				CLANG_WARN_SUSPICIOUS_MOVE = YES;
				CLANG_WARN_UNGUARDED_AVAILABILITY = YES_AGGRESSIVE;
				CLANG_WARN_UNREACHABLE_CODE = YES;
				CLANG_WARN__DUPLICATE_METHOD_MATCH = YES;
				COPY_PHASE_STRIP = NO;
				DEBUG_INFORMATION_FORMAT = "dwarf-with-dsym";
				ENABLE_NS_ASSERTIONS = NO;
				ENABLE_STRICT_OBJC_MSGSEND = YES;
				GCC_C_LANGUAGE_STANDARD = gnu11;
				GCC_NO_COMMON_BLOCKS = YES;
				GCC_WARN_64_TO_32_BIT_CONVERSION = YES;
				GCC_WARN_ABOUT_RETURN_TYPE = YES_ERROR;
				GCC_WARN_UNDECLARED_SELECTOR = YES;
				GCC_WARN_UNINITIALIZED_AUTOS = YES_AGGRESSIVE;
				GCC_WARN_UNUSED_FUNCTION = YES;
				GCC_WARN_UNUSED_VARIABLE = YES;
				IPHONEOS_DEPLOYMENT_TARGET = 13.6;
				MTL_ENABLE_DEBUG_INFO = NO;
				MTL_FAST_MATH = YES;
				SDKROOT = iphoneos;
				SWIFT_COMPILATION_MODE = wholemodule;
				SWIFT_OPTIMIZATION_LEVEL = "-O";
				VALIDATE_PRODUCT = YES;
			};
			name = Release;
		};
		3D75222724C8D15A0043FD33 /* Debug */ = {
			isa = XCBuildConfiguration;
			buildSettings = {
				ASSETCATALOG_COMPILER_APPICON_NAME = AppIcon;
				CODE_SIGN_STYLE = Automatic;
				DEVELOPMENT_ASSET_PATHS = "\"A CarPlay Route Planner/Preview Content\"";
				DEVELOPMENT_TEAM = S2WXD7ZRH4;
				ENABLE_PREVIEWS = YES;
				INFOPLIST_FILE = "A CarPlay Route Planner/Info.plist";
				LD_RUNPATH_SEARCH_PATHS = (
					"$(inherited)",
					"@executable_path/Frameworks",
				);
				PRODUCT_BUNDLE_IDENTIFIER = "de.bachv.A-CarPlay-Route-Planner";
				PRODUCT_NAME = "$(TARGET_NAME)";
				SWIFT_VERSION = 5.0;
				TARGETED_DEVICE_FAMILY = "1,2";
			};
			name = Debug;
		};
		3D75222824C8D15A0043FD33 /* Release */ = {
			isa = XCBuildConfiguration;
			buildSettings = {
				ASSETCATALOG_COMPILER_APPICON_NAME = AppIcon;
				CODE_SIGN_STYLE = Automatic;
				DEVELOPMENT_ASSET_PATHS = "\"A CarPlay Route Planner/Preview Content\"";
				DEVELOPMENT_TEAM = S2WXD7ZRH4;
				ENABLE_PREVIEWS = YES;
				INFOPLIST_FILE = "A CarPlay Route Planner/Info.plist";
				LD_RUNPATH_SEARCH_PATHS = (
					"$(inherited)",
					"@executable_path/Frameworks",
				);
				PRODUCT_BUNDLE_IDENTIFIER = "de.bachv.A-CarPlay-Route-Planner";
				PRODUCT_NAME = "$(TARGET_NAME)";
				SWIFT_VERSION = 5.0;
				TARGETED_DEVICE_FAMILY = "1,2";
			};
			name = Release;
		};
		3D75222A24C8D15A0043FD33 /* Debug */ = {
			isa = XCBuildConfiguration;
			buildSettings = {
				ALWAYS_EMBED_SWIFT_STANDARD_LIBRARIES = YES;
				BUNDLE_LOADER = "$(TEST_HOST)";
				CODE_SIGN_STYLE = Automatic;
				INFOPLIST_FILE = "A CarPlay Route PlannerTests/Info.plist";
				IPHONEOS_DEPLOYMENT_TARGET = 13.6;
				LD_RUNPATH_SEARCH_PATHS = (
					"$(inherited)",
					"@executable_path/Frameworks",
					"@loader_path/Frameworks",
				);
				PRODUCT_BUNDLE_IDENTIFIER = "de.bachv.A-CarPlay-Route-PlannerTests";
				PRODUCT_NAME = "$(TARGET_NAME)";
				SWIFT_VERSION = 5.0;
				TARGETED_DEVICE_FAMILY = "1,2";
				TEST_HOST = "$(BUILT_PRODUCTS_DIR)/A CarPlay Route Planner.app/A CarPlay Route Planner";
			};
			name = Debug;
		};
		3D75222B24C8D15A0043FD33 /* Release */ = {
			isa = XCBuildConfiguration;
			buildSettings = {
				ALWAYS_EMBED_SWIFT_STANDARD_LIBRARIES = YES;
				BUNDLE_LOADER = "$(TEST_HOST)";
				CODE_SIGN_STYLE = Automatic;
				INFOPLIST_FILE = "A CarPlay Route PlannerTests/Info.plist";
				IPHONEOS_DEPLOYMENT_TARGET = 13.6;
				LD_RUNPATH_SEARCH_PATHS = (
					"$(inherited)",
					"@executable_path/Frameworks",
					"@loader_path/Frameworks",
				);
				PRODUCT_BUNDLE_IDENTIFIER = "de.bachv.A-CarPlay-Route-PlannerTests";
				PRODUCT_NAME = "$(TARGET_NAME)";
				SWIFT_VERSION = 5.0;
				TARGETED_DEVICE_FAMILY = "1,2";
				TEST_HOST = "$(BUILT_PRODUCTS_DIR)/A CarPlay Route Planner.app/A CarPlay Route Planner";
			};
			name = Release;
		};
		3D75222D24C8D15A0043FD33 /* Debug */ = {
			isa = XCBuildConfiguration;
			buildSettings = {
				ALWAYS_EMBED_SWIFT_STANDARD_LIBRARIES = YES;
				CODE_SIGN_STYLE = Automatic;
				INFOPLIST_FILE = "A CarPlay Route PlannerUITests/Info.plist";
				LD_RUNPATH_SEARCH_PATHS = (
					"$(inherited)",
					"@executable_path/Frameworks",
					"@loader_path/Frameworks",
				);
				PRODUCT_BUNDLE_IDENTIFIER = "de.bachv.A-CarPlay-Route-PlannerUITests";
				PRODUCT_NAME = "$(TARGET_NAME)";
				SWIFT_VERSION = 5.0;
				TARGETED_DEVICE_FAMILY = "1,2";
				TEST_TARGET_NAME = "A CarPlay Route Planner";
			};
			name = Debug;
		};
		3D75222E24C8D15A0043FD33 /* Release */ = {
			isa = XCBuildConfiguration;
			buildSettings = {
				ALWAYS_EMBED_SWIFT_STANDARD_LIBRARIES = YES;
				CODE_SIGN_STYLE = Automatic;
				INFOPLIST_FILE = "A CarPlay Route PlannerUITests/Info.plist";
				LD_RUNPATH_SEARCH_PATHS = (
					"$(inherited)",
					"@executable_path/Frameworks",
					"@loader_path/Frameworks",
				);
				PRODUCT_BUNDLE_IDENTIFIER = "de.bachv.A-CarPlay-Route-PlannerUITests";
				PRODUCT_NAME = "$(TARGET_NAME)";
				SWIFT_VERSION = 5.0;
				TARGETED_DEVICE_FAMILY = "1,2";
				TEST_TARGET_NAME = "A CarPlay Route Planner";
			};
			name = Release;
		};
/* End XCBuildConfiguration section */

/* Begin XCConfigurationList section */
		3D7521F724C8D1550043FD33 /* Build configuration list for PBXProject "A CarPlay Route Planner" */ = {
			isa = XCConfigurationList;
			buildConfigurations = (
				3D75222424C8D15A0043FD33 /* Debug */,
				3D75222524C8D15A0043FD33 /* Release */,
			);
			defaultConfigurationIsVisible = 0;
			defaultConfigurationName = Release;
		};
		3D75222624C8D15A0043FD33 /* Build configuration list for PBXNativeTarget "A CarPlay Route Planner" */ = {
			isa = XCConfigurationList;
			buildConfigurations = (
				3D75222724C8D15A0043FD33 /* Debug */,
				3D75222824C8D15A0043FD33 /* Release */,
			);
			defaultConfigurationIsVisible = 0;
			defaultConfigurationName = Release;
		};
		3D75222924C8D15A0043FD33 /* Build configuration list for PBXNativeTarget "A CarPlay Route PlannerTests" */ = {
			isa = XCConfigurationList;
			buildConfigurations = (
				3D75222A24C8D15A0043FD33 /* Debug */,
				3D75222B24C8D15A0043FD33 /* Release */,
			);
			defaultConfigurationIsVisible = 0;
			defaultConfigurationName = Release;
		};
		3D75222C24C8D15A0043FD33 /* Build configuration list for PBXNativeTarget "A CarPlay Route PlannerUITests" */ = {
			isa = XCConfigurationList;
			buildConfigurations = (
				3D75222D24C8D15A0043FD33 /* Debug */,
				3D75222E24C8D15A0043FD33 /* Release */,
			);
			defaultConfigurationIsVisible = 0;
			defaultConfigurationName = Release;
		};
/* End XCConfigurationList section */
	};
	rootObject = 3D7521F424C8D1550043FD33 /* Project object */;
}
